// !$*UTF8*$!
{
	archiveVersion = 1;
	classes = {
	};
	objectVersion = 48;
	objects = {

/* Begin PBXBuildFile section */
		3E11E29A24917D9900A0FC41 /* Styles.swift in Sources */ = {isa = PBXBuildFile; fileRef = 3E11E29924917D9900A0FC41 /* Styles.swift */; };
		3E11E29C24917F7900A0FC41 /* ContainerOptions.swift in Sources */ = {isa = PBXBuildFile; fileRef = 3E11E29B24917F7900A0FC41 /* ContainerOptions.swift */; };
		3E11E29E24917F8E00A0FC41 /* ContainerTabOptions.swift in Sources */ = {isa = PBXBuildFile; fileRef = 3E11E29D24917F8E00A0FC41 /* ContainerTabOptions.swift */; };
		3E11E2A024917F9A00A0FC41 /* BackgroundOptions.swift in Sources */ = {isa = PBXBuildFile; fileRef = 3E11E29F24917F9A00A0FC41 /* BackgroundOptions.swift */; };
		3E11E2A224917FA500A0FC41 /* ShadowOptions.swift in Sources */ = {isa = PBXBuildFile; fileRef = 3E11E2A124917FA500A0FC41 /* ShadowOptions.swift */; };
		3E11E2A42491842100A0FC41 /* UIColor+Extensions.swift in Sources */ = {isa = PBXBuildFile; fileRef = 3E11E2A32491842100A0FC41 /* UIColor+Extensions.swift */; };
		3E30FF3F2494C66C006772DE /* UITabBar+Extensions.swift in Sources */ = {isa = PBXBuildFile; fileRef = 3E30FF3E2494C66C006772DE /* UITabBar+Extensions.swift */; };
		3E30FF472494DA96006772DE /* TransformAnimation.swift in Sources */ = {isa = PBXBuildFile; fileRef = 3E30FF462494DA96006772DE /* TransformAnimation.swift */; };
		3E30FF492494EAE4006772DE /* IndicatorTypes.swift in Sources */ = {isa = PBXBuildFile; fileRef = 3E30FF482494EAE4006772DE /* IndicatorTypes.swift */; };
		3E499D83224CC4F0005602D6 /* ExpandedTabBarContainers.swift in Sources */ = {isa = PBXBuildFile; fileRef = 3E499D82224CC4F0005602D6 /* ExpandedTabBarContainers.swift */; };
		3E499D85224CCA9A005602D6 /* ExpandedTabBarConstraints.swift in Sources */ = {isa = PBXBuildFile; fileRef = 3E499D84224CCA9A005602D6 /* ExpandedTabBarConstraints.swift */; };
		3E499D87224CD542005602D6 /* ExpandedTabBarControllerDelegate.swift in Sources */ = {isa = PBXBuildFile; fileRef = 3E499D86224CD542005602D6 /* ExpandedTabBarControllerDelegate.swift */; };
		3E5FF4CD249344AD00678166 /* AnimationProtocol.swift in Sources */ = {isa = PBXBuildFile; fileRef = 3E5FF4CC249344AD00678166 /* AnimationProtocol.swift */; };
		3E5FF4D0249346EE00678166 /* AnimationType.swift in Sources */ = {isa = PBXBuildFile; fileRef = 3E5FF4CF249346EE00678166 /* AnimationType.swift */; };
		3E5FF4D324934BBE00678166 /* ContainerView.swift in Sources */ = {isa = PBXBuildFile; fileRef = 3E5FF4D224934BBE00678166 /* ContainerView.swift */; };
		3E82745E249642790049DE81 /* demo.gif in Resources */ = {isa = PBXBuildFile; fileRef = 3E82745D249642790049DE81 /* demo.gif */; };
		3E82746C249658020049DE81 /* left.gif in Resources */ = {isa = PBXBuildFile; fileRef = 3E827460249658020049DE81 /* left.gif */; };
		3E82746D249658020049DE81 /* top.gif in Resources */ = {isa = PBXBuildFile; fileRef = 3E827461249658020049DE81 /* top.gif */; };
		3E82746E249658020049DE81 /* zoomOut.gif in Resources */ = {isa = PBXBuildFile; fileRef = 3E827462249658020049DE81 /* zoomOut.gif */; };
		3E82746F249658020049DE81 /* none.gif in Resources */ = {isa = PBXBuildFile; fileRef = 3E827463249658020049DE81 /* none.gif */; };
		3E827470249658020049DE81 /* crossDissolve.gif in Resources */ = {isa = PBXBuildFile; fileRef = 3E827464249658020049DE81 /* crossDissolve.gif */; };
		3E827471249658020049DE81 /* right.gif in Resources */ = {isa = PBXBuildFile; fileRef = 3E827465249658020049DE81 /* right.gif */; };
		3E827472249658020049DE81 /* zoomIn.gif in Resources */ = {isa = PBXBuildFile; fileRef = 3E827466249658020049DE81 /* zoomIn.gif */; };
		3E827473249658020049DE81 /* zoomY.gif in Resources */ = {isa = PBXBuildFile; fileRef = 3E827467249658020049DE81 /* zoomY.gif */; };
		3E827474249658020049DE81 /* zoomX.gif in Resources */ = {isa = PBXBuildFile; fileRef = 3E827468249658020049DE81 /* zoomX.gif */; };
		3E827475249658020049DE81 /* rotateNegative.gif in Resources */ = {isa = PBXBuildFile; fileRef = 3E827469249658020049DE81 /* rotateNegative.gif */; };
		3E827476249658020049DE81 /* rotatePositive.gif in Resources */ = {isa = PBXBuildFile; fileRef = 3E82746A249658020049DE81 /* rotatePositive.gif */; };
		3E827477249658020049DE81 /* bottom.gif in Resources */ = {isa = PBXBuildFile; fileRef = 3E82746B249658020049DE81 /* bottom.gif */; };
		3E827479249675080049DE81 /* rotate.gif in Resources */ = {isa = PBXBuildFile; fileRef = 3E827478249675080049DE81 /* rotate.gif */; };
		3E8274802496780E0049DE81 /* triangle.png in Resources */ = {isa = PBXBuildFile; fileRef = 3E82747B2496780E0049DE81 /* triangle.png */; };
		3E8274812496780E0049DE81 /* connectedLine.png in Resources */ = {isa = PBXBuildFile; fileRef = 3E82747C2496780E0049DE81 /* connectedLine.png */; };
		3E8274822496780E0049DE81 /* none.png in Resources */ = {isa = PBXBuildFile; fileRef = 3E82747D2496780E0049DE81 /* none.png */; };
		3E8425C824940B8B000C1828 /* NoneAnimation.swift in Sources */ = {isa = PBXBuildFile; fileRef = 3E8425C724940B8B000C1828 /* NoneAnimation.swift */; };
		3E8425CD249414C5000C1828 /* Constraints+Extensions.swift in Sources */ = {isa = PBXBuildFile; fileRef = 3E8425CC249414C5000C1828 /* Constraints+Extensions.swift */; };
		3E8425D124941A82000C1828 /* UIView+Extensions.swift in Sources */ = {isa = PBXBuildFile; fileRef = 3E8425D024941A82000C1828 /* UIView+Extensions.swift */; };
		3EDB6E8D245CCE420032BC9D /* Package.swift in Sources */ = {isa = PBXBuildFile; fileRef = 3EDB6E8C245CCE420032BC9D /* Package.swift */; };
		3EF5188C245CC8CE00F60C21 /* AppDelegate.swift in Sources */ = {isa = PBXBuildFile; fileRef = 3EF5188B245CC8CE00F60C21 /* AppDelegate.swift */; };
		C10A528B2057DF1A004A731B /* ExpandedTabBarViews.swift in Sources */ = {isa = PBXBuildFile; fileRef = C10A528A2057DF1A004A731B /* ExpandedTabBarViews.swift */; };
		C13C0EF82052A5D5002E9350 /* ExpandedTabBarController.swift in Sources */ = {isa = PBXBuildFile; fileRef = C13C0EF72052A5D5002E9350 /* ExpandedTabBarController.swift */; };
		C1B0B5EB205679EA005B6639 /* TriangleView.swift in Sources */ = {isa = PBXBuildFile; fileRef = C1B0B5EA205679EA005B6639 /* TriangleView.swift */; };
		C1B6CAB720529CF800E25547 /* CustomViewController.swift in Sources */ = {isa = PBXBuildFile; fileRef = C1B6CAB620529CF800E25547 /* CustomViewController.swift */; };
		C1B6CABA20529CF800E25547 /* Main.storyboard in Resources */ = {isa = PBXBuildFile; fileRef = C1B6CAB820529CF800E25547 /* Main.storyboard */; };
		C1B6CABC20529CF800E25547 /* Assets.xcassets in Resources */ = {isa = PBXBuildFile; fileRef = C1B6CABB20529CF800E25547 /* Assets.xcassets */; };
		C1B6CABF20529CF800E25547 /* LaunchScreen.storyboard in Resources */ = {isa = PBXBuildFile; fileRef = C1B6CABD20529CF800E25547 /* LaunchScreen.storyboard */; };
		C1BE85D72058FB8E00B4411F /* ExpandedTabBar.podspec in Resources */ = {isa = PBXBuildFile; fileRef = C1BE85D32058FB8D00B4411F /* ExpandedTabBar.podspec */; };
		C1BE85D82058FB8E00B4411F /* LICENSE in Resources */ = {isa = PBXBuildFile; fileRef = C1BE85D42058FB8D00B4411F /* LICENSE */; };
		C1BE85DA2058FB8E00B4411F /* README.md in Resources */ = {isa = PBXBuildFile; fileRef = C1BE85D62058FB8D00B4411F /* README.md */; };
		C1BE85E92059221300B4411F /* .swift-version in Resources */ = {isa = PBXBuildFile; fileRef = C1BE85E82059221300B4411F /* .swift-version */; };
/* End PBXBuildFile section */

/* Begin PBXFileReference section */
		3E11E29924917D9900A0FC41 /* Styles.swift */ = {isa = PBXFileReference; lastKnownFileType = sourcecode.swift; path = Styles.swift; sourceTree = "<group>"; };
		3E11E29B24917F7900A0FC41 /* ContainerOptions.swift */ = {isa = PBXFileReference; lastKnownFileType = sourcecode.swift; path = ContainerOptions.swift; sourceTree = "<group>"; };
		3E11E29D24917F8E00A0FC41 /* ContainerTabOptions.swift */ = {isa = PBXFileReference; lastKnownFileType = sourcecode.swift; path = ContainerTabOptions.swift; sourceTree = "<group>"; };
		3E11E29F24917F9A00A0FC41 /* BackgroundOptions.swift */ = {isa = PBXFileReference; lastKnownFileType = sourcecode.swift; path = BackgroundOptions.swift; sourceTree = "<group>"; };
		3E11E2A124917FA500A0FC41 /* ShadowOptions.swift */ = {isa = PBXFileReference; lastKnownFileType = sourcecode.swift; path = ShadowOptions.swift; sourceTree = "<group>"; };
		3E11E2A32491842100A0FC41 /* UIColor+Extensions.swift */ = {isa = PBXFileReference; lastKnownFileType = sourcecode.swift; path = "UIColor+Extensions.swift"; sourceTree = "<group>"; };
		3E30FF3E2494C66C006772DE /* UITabBar+Extensions.swift */ = {isa = PBXFileReference; lastKnownFileType = sourcecode.swift; path = "UITabBar+Extensions.swift"; sourceTree = "<group>"; };
		3E30FF462494DA96006772DE /* TransformAnimation.swift */ = {isa = PBXFileReference; lastKnownFileType = sourcecode.swift; path = TransformAnimation.swift; sourceTree = "<group>"; };
		3E30FF482494EAE4006772DE /* IndicatorTypes.swift */ = {isa = PBXFileReference; lastKnownFileType = sourcecode.swift; path = IndicatorTypes.swift; sourceTree = "<group>"; };
		3E499D82224CC4F0005602D6 /* ExpandedTabBarContainers.swift */ = {isa = PBXFileReference; lastKnownFileType = sourcecode.swift; path = ExpandedTabBarContainers.swift; sourceTree = "<group>"; };
		3E499D84224CCA9A005602D6 /* ExpandedTabBarConstraints.swift */ = {isa = PBXFileReference; lastKnownFileType = sourcecode.swift; path = ExpandedTabBarConstraints.swift; sourceTree = "<group>"; };
		3E499D86224CD542005602D6 /* ExpandedTabBarControllerDelegate.swift */ = {isa = PBXFileReference; lastKnownFileType = sourcecode.swift; path = ExpandedTabBarControllerDelegate.swift; sourceTree = "<group>"; };
		3E5FF4CC249344AD00678166 /* AnimationProtocol.swift */ = {isa = PBXFileReference; lastKnownFileType = sourcecode.swift; path = AnimationProtocol.swift; sourceTree = "<group>"; };
		3E5FF4CF249346EE00678166 /* AnimationType.swift */ = {isa = PBXFileReference; lastKnownFileType = sourcecode.swift; path = AnimationType.swift; sourceTree = "<group>"; };
		3E5FF4D224934BBE00678166 /* ContainerView.swift */ = {isa = PBXFileReference; lastKnownFileType = sourcecode.swift; path = ContainerView.swift; sourceTree = "<group>"; };
		3E82745D249642790049DE81 /* demo.gif */ = {isa = PBXFileReference; lastKnownFileType = image.gif; path = demo.gif; sourceTree = "<group>"; };
		3E827460249658020049DE81 /* left.gif */ = {isa = PBXFileReference; lastKnownFileType = image.gif; path = left.gif; sourceTree = "<group>"; };
		3E827461249658020049DE81 /* top.gif */ = {isa = PBXFileReference; lastKnownFileType = image.gif; path = top.gif; sourceTree = "<group>"; };
		3E827462249658020049DE81 /* zoomOut.gif */ = {isa = PBXFileReference; lastKnownFileType = image.gif; path = zoomOut.gif; sourceTree = "<group>"; };
		3E827463249658020049DE81 /* none.gif */ = {isa = PBXFileReference; lastKnownFileType = image.gif; path = none.gif; sourceTree = "<group>"; };
		3E827464249658020049DE81 /* crossDissolve.gif */ = {isa = PBXFileReference; lastKnownFileType = image.gif; path = crossDissolve.gif; sourceTree = "<group>"; };
		3E827465249658020049DE81 /* right.gif */ = {isa = PBXFileReference; lastKnownFileType = image.gif; path = right.gif; sourceTree = "<group>"; };
		3E827466249658020049DE81 /* zoomIn.gif */ = {isa = PBXFileReference; lastKnownFileType = image.gif; path = zoomIn.gif; sourceTree = "<group>"; };
		3E827467249658020049DE81 /* zoomY.gif */ = {isa = PBXFileReference; lastKnownFileType = image.gif; path = zoomY.gif; sourceTree = "<group>"; };
		3E827468249658020049DE81 /* zoomX.gif */ = {isa = PBXFileReference; lastKnownFileType = image.gif; path = zoomX.gif; sourceTree = "<group>"; };
		3E827469249658020049DE81 /* rotateNegative.gif */ = {isa = PBXFileReference; lastKnownFileType = image.gif; path = rotateNegative.gif; sourceTree = "<group>"; };
		3E82746A249658020049DE81 /* rotatePositive.gif */ = {isa = PBXFileReference; lastKnownFileType = image.gif; path = rotatePositive.gif; sourceTree = "<group>"; };
		3E82746B249658020049DE81 /* bottom.gif */ = {isa = PBXFileReference; lastKnownFileType = image.gif; path = bottom.gif; sourceTree = "<group>"; };
		3E827478249675080049DE81 /* rotate.gif */ = {isa = PBXFileReference; lastKnownFileType = image.gif; path = rotate.gif; sourceTree = "<group>"; };
		3E82747B2496780E0049DE81 /* triangle.png */ = {isa = PBXFileReference; lastKnownFileType = image.png; path = triangle.png; sourceTree = "<group>"; };
		3E82747C2496780E0049DE81 /* connectedLine.png */ = {isa = PBXFileReference; lastKnownFileType = image.png; path = connectedLine.png; sourceTree = "<group>"; };
		3E82747D2496780E0049DE81 /* none.png */ = {isa = PBXFileReference; lastKnownFileType = image.png; path = none.png; sourceTree = "<group>"; };
		3E8425C724940B8B000C1828 /* NoneAnimation.swift */ = {isa = PBXFileReference; lastKnownFileType = sourcecode.swift; path = NoneAnimation.swift; sourceTree = "<group>"; };
		3E8425CC249414C5000C1828 /* Constraints+Extensions.swift */ = {isa = PBXFileReference; lastKnownFileType = sourcecode.swift; path = "Constraints+Extensions.swift"; sourceTree = "<group>"; };
		3E8425D024941A82000C1828 /* UIView+Extensions.swift */ = {isa = PBXFileReference; lastKnownFileType = sourcecode.swift; path = "UIView+Extensions.swift"; sourceTree = "<group>"; };
		3EDB6E8C245CCE420032BC9D /* Package.swift */ = {isa = PBXFileReference; fileEncoding = 4; lastKnownFileType = sourcecode.swift; path = Package.swift; sourceTree = "<group>"; };
		3EF5188B245CC8CE00F60C21 /* AppDelegate.swift */ = {isa = PBXFileReference; fileEncoding = 4; lastKnownFileType = sourcecode.swift; path = AppDelegate.swift; sourceTree = "<group>"; };
		C10A528A2057DF1A004A731B /* ExpandedTabBarViews.swift */ = {isa = PBXFileReference; lastKnownFileType = sourcecode.swift; path = ExpandedTabBarViews.swift; sourceTree = "<group>"; };
		C13C0EF72052A5D5002E9350 /* ExpandedTabBarController.swift */ = {isa = PBXFileReference; lastKnownFileType = sourcecode.swift; path = ExpandedTabBarController.swift; sourceTree = "<group>"; };
		C1B0B5EA205679EA005B6639 /* TriangleView.swift */ = {isa = PBXFileReference; lastKnownFileType = sourcecode.swift; path = TriangleView.swift; sourceTree = "<group>"; };
		C1B6CAB120529CF800E25547 /* ExpandedTabBar.app */ = {isa = PBXFileReference; explicitFileType = wrapper.application; includeInIndex = 0; path = ExpandedTabBar.app; sourceTree = BUILT_PRODUCTS_DIR; };
		C1B6CAB620529CF800E25547 /* CustomViewController.swift */ = {isa = PBXFileReference; lastKnownFileType = sourcecode.swift; path = CustomViewController.swift; sourceTree = "<group>"; };
		C1B6CAB920529CF800E25547 /* Base */ = {isa = PBXFileReference; lastKnownFileType = file.storyboard; name = Base; path = Base.lproj/Main.storyboard; sourceTree = "<group>"; };
		C1B6CABB20529CF800E25547 /* Assets.xcassets */ = {isa = PBXFileReference; lastKnownFileType = folder.assetcatalog; path = Assets.xcassets; sourceTree = "<group>"; };
		C1B6CABE20529CF800E25547 /* Base */ = {isa = PBXFileReference; lastKnownFileType = file.storyboard; name = Base; path = Base.lproj/LaunchScreen.storyboard; sourceTree = "<group>"; };
		C1B6CAC020529CF800E25547 /* Info.plist */ = {isa = PBXFileReference; lastKnownFileType = text.plist.xml; path = Info.plist; sourceTree = "<group>"; };
		C1BE85D32058FB8D00B4411F /* ExpandedTabBar.podspec */ = {isa = PBXFileReference; fileEncoding = 4; lastKnownFileType = text; path = ExpandedTabBar.podspec; sourceTree = "<group>"; };
		C1BE85D42058FB8D00B4411F /* LICENSE */ = {isa = PBXFileReference; fileEncoding = 4; lastKnownFileType = text; path = LICENSE; sourceTree = "<group>"; };
		C1BE85D62058FB8D00B4411F /* README.md */ = {isa = PBXFileReference; fileEncoding = 4; lastKnownFileType = net.daringfireball.markdown; path = README.md; sourceTree = "<group>"; };
		C1BE85E82059221300B4411F /* .swift-version */ = {isa = PBXFileReference; lastKnownFileType = text; path = ".swift-version"; sourceTree = "<group>"; };
/* End PBXFileReference section */

/* Begin PBXFrameworksBuildPhase section */
		C1B6CAAE20529CF800E25547 /* Frameworks */ = {
			isa = PBXFrameworksBuildPhase;
			buildActionMask = 2147483647;
			files = (
			);
			runOnlyForDeploymentPostprocessing = 0;
		};
/* End PBXFrameworksBuildPhase section */

/* Begin PBXGroup section */
		3E11E298249176CA00A0FC41 /* Styles */ = {
			isa = PBXGroup;
			children = (
				3E11E29924917D9900A0FC41 /* Styles.swift */,
				3E11E29F24917F9A00A0FC41 /* BackgroundOptions.swift */,
				3E11E29B24917F7900A0FC41 /* ContainerOptions.swift */,
				3E11E29D24917F8E00A0FC41 /* ContainerTabOptions.swift */,
				3E11E2A124917FA500A0FC41 /* ShadowOptions.swift */,
			);
			path = Styles;
			sourceTree = "<group>";
		};
		3E5FF4CE249344B300678166 /* Animations */ = {
			isa = PBXGroup;
			children = (
				3E5FF4CC249344AD00678166 /* AnimationProtocol.swift */,
				3E5FF4CF249346EE00678166 /* AnimationType.swift */,
				3E8425C724940B8B000C1828 /* NoneAnimation.swift */,
				3E30FF462494DA96006772DE /* TransformAnimation.swift */,
			);
			path = Animations;
			sourceTree = "<group>";
		};
		3E5FF4D124934BA000678166 /* Views */ = {
			isa = PBXGroup;
			children = (
				3E30FF482494EAE4006772DE /* IndicatorTypes.swift */,
				C1B0B5EA205679EA005B6639 /* TriangleView.swift */,
				3E5FF4D224934BBE00678166 /* ContainerView.swift */,
			);
			path = Views;
			sourceTree = "<group>";
		};
		3E82745F249658020049DE81 /* Resources */ = {
			isa = PBXGroup;
			children = (
				3E82747C2496780E0049DE81 /* connectedLine.png */,
				3E82747D2496780E0049DE81 /* none.png */,
				3E82747B2496780E0049DE81 /* triangle.png */,
				3E827478249675080049DE81 /* rotate.gif */,
				3E82745D249642790049DE81 /* demo.gif */,
				3E827460249658020049DE81 /* left.gif */,
				3E827461249658020049DE81 /* top.gif */,
				3E827462249658020049DE81 /* zoomOut.gif */,
				3E827463249658020049DE81 /* none.gif */,
				3E827464249658020049DE81 /* crossDissolve.gif */,
				3E827465249658020049DE81 /* right.gif */,
				3E827466249658020049DE81 /* zoomIn.gif */,
				3E827467249658020049DE81 /* zoomY.gif */,
				3E827468249658020049DE81 /* zoomX.gif */,
				3E827469249658020049DE81 /* rotateNegative.gif */,
				3E82746A249658020049DE81 /* rotatePositive.gif */,
				3E82746B249658020049DE81 /* bottom.gif */,
			);
			path = Resources;
			sourceTree = "<group>";
		};
		3E8425CB249414A7000C1828 /* Extensions */ = {
			isa = PBXGroup;
			children = (
				3E8425D024941A82000C1828 /* UIView+Extensions.swift */,
				3E11E2A32491842100A0FC41 /* UIColor+Extensions.swift */,
				3E8425CC249414C5000C1828 /* Constraints+Extensions.swift */,
				3E30FF3E2494C66C006772DE /* UITabBar+Extensions.swift */,
			);
			path = Extensions;
			sourceTree = "<group>";
		};
		3EDB6E8E245CCE540032BC9D /* Sources */ = {
			isa = PBXGroup;
			children = (
				3EDB6E9A245CCE9B0032BC9D /* ExpandedTabBar */,
			);
			path = Sources;
			sourceTree = "<group>";
		};
		3EDB6E9A245CCE9B0032BC9D /* ExpandedTabBar */ = {
			isa = PBXGroup;
			children = (
				3E8425CB249414A7000C1828 /* Extensions */,
				3E5FF4D124934BA000678166 /* Views */,
				3E5FF4CE249344B300678166 /* Animations */,
				3E11E298249176CA00A0FC41 /* Styles */,
				C13C0EF72052A5D5002E9350 /* ExpandedTabBarController.swift */,
				C10A528A2057DF1A004A731B /* ExpandedTabBarViews.swift */,
				3E499D82224CC4F0005602D6 /* ExpandedTabBarContainers.swift */,
				3E499D84224CCA9A005602D6 /* ExpandedTabBarConstraints.swift */,
				3E499D86224CD542005602D6 /* ExpandedTabBarControllerDelegate.swift */,
			);
			path = ExpandedTabBar;
			sourceTree = "<group>";
		};
		C1B6CAA820529CF800E25547 = {
			isa = PBXGroup;
			children = (
				3E82745F249658020049DE81 /* Resources */,
				C1BE85E82059221300B4411F /* .swift-version */,
				3EDB6E8C245CCE420032BC9D /* Package.swift */,
				C1BE85D42058FB8D00B4411F /* LICENSE */,
				C1BE85D62058FB8D00B4411F /* README.md */,
				C1BE85D32058FB8D00B4411F /* ExpandedTabBar.podspec */,
				C1B6CAB320529CF800E25547 /* ExpandedTabBar */,
				3EDB6E8E245CCE540032BC9D /* Sources */,
				C1B6CAB220529CF800E25547 /* Products */,
			);
			sourceTree = "<group>";
		};
		C1B6CAB220529CF800E25547 /* Products */ = {
			isa = PBXGroup;
			children = (
				C1B6CAB120529CF800E25547 /* ExpandedTabBar.app */,
			);
			name = Products;
			sourceTree = "<group>";
		};
		C1B6CAB320529CF800E25547 /* ExpandedTabBar */ = {
			isa = PBXGroup;
			children = (
				C1B6CAB620529CF800E25547 /* CustomViewController.swift */,
				3EF5188B245CC8CE00F60C21 /* AppDelegate.swift */,
				C1B6CAB820529CF800E25547 /* Main.storyboard */,
				C1B6CABB20529CF800E25547 /* Assets.xcassets */,
				C1B6CABD20529CF800E25547 /* LaunchScreen.storyboard */,
				C1B6CAC020529CF800E25547 /* Info.plist */,
			);
			path = ExpandedTabBar;
			sourceTree = "<group>";
		};
/* End PBXGroup section */

/* Begin PBXNativeTarget section */
		C1B6CAB020529CF800E25547 /* ExpandedTabBar */ = {
			isa = PBXNativeTarget;
			buildConfigurationList = C1B6CAC320529CF800E25547 /* Build configuration list for PBXNativeTarget "ExpandedTabBar" */;
			buildPhases = (
				C1B6CAAD20529CF800E25547 /* Sources */,
				C1B6CAAE20529CF800E25547 /* Frameworks */,
				C1B6CAAF20529CF800E25547 /* Resources */,
			);
			buildRules = (
			);
			dependencies = (
			);
			name = ExpandedTabBar;
			productName = ExpandedTabBar;
			productReference = C1B6CAB120529CF800E25547 /* ExpandedTabBar.app */;
			productType = "com.apple.product-type.application";
		};
/* End PBXNativeTarget section */

/* Begin PBXProject section */
		C1B6CAA920529CF800E25547 /* Project object */ = {
			isa = PBXProject;
			attributes = {
				LastSwiftUpdateCheck = 0910;
				LastUpgradeCheck = 1010;
				ORGANIZATIONNAME = "Yervand Saribekyan";
				TargetAttributes = {
					C1B6CAB020529CF800E25547 = {
						CreatedOnToolsVersion = 9.1;
						LastSwiftMigration = 1020;
						ProvisioningStyle = Automatic;
					};
				};
			};
			buildConfigurationList = C1B6CAAC20529CF800E25547 /* Build configuration list for PBXProject "ExpandedTabBar" */;
			compatibilityVersion = "Xcode 8.0";
			developmentRegion = en;
			hasScannedForEncodings = 0;
			knownRegions = (
				en,
				Base,
			);
			mainGroup = C1B6CAA820529CF800E25547;
			productRefGroup = C1B6CAB220529CF800E25547 /* Products */;
			projectDirPath = "";
			projectRoot = "";
			targets = (
				C1B6CAB020529CF800E25547 /* ExpandedTabBar */,
			);
		};
/* End PBXProject section */

/* Begin PBXResourcesBuildPhase section */
		C1B6CAAF20529CF800E25547 /* Resources */ = {
			isa = PBXResourcesBuildPhase;
			buildActionMask = 2147483647;
			files = (
				3E82746D249658020049DE81 /* top.gif in Resources */,
				3E827471249658020049DE81 /* right.gif in Resources */,
				3E827476249658020049DE81 /* rotatePositive.gif in Resources */,
				C1BE85D82058FB8E00B4411F /* LICENSE in Resources */,
				3E827472249658020049DE81 /* zoomIn.gif in Resources */,
				3E827475249658020049DE81 /* rotateNegative.gif in Resources */,
				C1BE85E92059221300B4411F /* .swift-version in Resources */,
				C1BE85D72058FB8E00B4411F /* ExpandedTabBar.podspec in Resources */,
				3E82746F249658020049DE81 /* none.gif in Resources */,
				3E82746E249658020049DE81 /* zoomOut.gif in Resources */,
				3E827479249675080049DE81 /* rotate.gif in Resources */,
				C1B6CABF20529CF800E25547 /* LaunchScreen.storyboard in Resources */,
				3E8274802496780E0049DE81 /* triangle.png in Resources */,
				C1B6CABC20529CF800E25547 /* Assets.xcassets in Resources */,
				C1B6CABA20529CF800E25547 /* Main.storyboard in Resources */,
				3E8274822496780E0049DE81 /* none.png in Resources */,
				3E827473249658020049DE81 /* zoomY.gif in Resources */,
				3E827474249658020049DE81 /* zoomX.gif in Resources */,
				C1BE85DA2058FB8E00B4411F /* README.md in Resources */,
				3E82746C249658020049DE81 /* left.gif in Resources */,
				3E82745E249642790049DE81 /* demo.gif in Resources */,
				3E827470249658020049DE81 /* crossDissolve.gif in Resources */,
				3E827477249658020049DE81 /* bottom.gif in Resources */,
				3E8274812496780E0049DE81 /* connectedLine.png in Resources */,
			);
			runOnlyForDeploymentPostprocessing = 0;
		};
/* End PBXResourcesBuildPhase section */

/* Begin PBXSourcesBuildPhase section */
		C1B6CAAD20529CF800E25547 /* Sources */ = {
			isa = PBXSourcesBuildPhase;
			buildActionMask = 2147483647;
			files = (
				3EDB6E8D245CCE420032BC9D /* Package.swift in Sources */,
				3EF5188C245CC8CE00F60C21 /* AppDelegate.swift in Sources */,
				3E5FF4D0249346EE00678166 /* AnimationType.swift in Sources */,
				3E5FF4CD249344AD00678166 /* AnimationProtocol.swift in Sources */,
				3E8425CD249414C5000C1828 /* Constraints+Extensions.swift in Sources */,
				3E8425D124941A82000C1828 /* UIView+Extensions.swift in Sources */,
				3E11E29A24917D9900A0FC41 /* Styles.swift in Sources */,
				3E11E2A224917FA500A0FC41 /* ShadowOptions.swift in Sources */,
				3E8425C824940B8B000C1828 /* NoneAnimation.swift in Sources */,
				3E30FF492494EAE4006772DE /* IndicatorTypes.swift in Sources */,
				3E30FF3F2494C66C006772DE /* UITabBar+Extensions.swift in Sources */,
				C1B6CAB720529CF800E25547 /* CustomViewController.swift in Sources */,
				3E499D83224CC4F0005602D6 /* ExpandedTabBarContainers.swift in Sources */,
				3E11E2A42491842100A0FC41 /* UIColor+Extensions.swift in Sources */,
				3E499D85224CCA9A005602D6 /* ExpandedTabBarConstraints.swift in Sources */,
				C10A528B2057DF1A004A731B /* ExpandedTabBarViews.swift in Sources */,
				3E499D87224CD542005602D6 /* ExpandedTabBarControllerDelegate.swift in Sources */,
				3E30FF472494DA96006772DE /* TransformAnimation.swift in Sources */,
				3E11E29C24917F7900A0FC41 /* ContainerOptions.swift in Sources */,
				3E5FF4D324934BBE00678166 /* ContainerView.swift in Sources */,
				C1B0B5EB205679EA005B6639 /* TriangleView.swift in Sources */,
				C13C0EF82052A5D5002E9350 /* ExpandedTabBarController.swift in Sources */,
				3E11E2A024917F9A00A0FC41 /* BackgroundOptions.swift in Sources */,
				3E11E29E24917F8E00A0FC41 /* ContainerTabOptions.swift in Sources */,
			);
			runOnlyForDeploymentPostprocessing = 0;
		};
/* End PBXSourcesBuildPhase section */

/* Begin PBXVariantGroup section */
		C1B6CAB820529CF800E25547 /* Main.storyboard */ = {
			isa = PBXVariantGroup;
			children = (
				C1B6CAB920529CF800E25547 /* Base */,
			);
			name = Main.storyboard;
			sourceTree = "<group>";
		};
		C1B6CABD20529CF800E25547 /* LaunchScreen.storyboard */ = {
			isa = PBXVariantGroup;
			children = (
				C1B6CABE20529CF800E25547 /* Base */,
			);
			name = LaunchScreen.storyboard;
			sourceTree = "<group>";
		};
/* End PBXVariantGroup section */

/* Begin XCBuildConfiguration section */
		C1B6CAC120529CF800E25547 /* Debug */ = {
			isa = XCBuildConfiguration;
			buildSettings = {
				ALWAYS_SEARCH_USER_PATHS = NO;
				CLANG_ANALYZER_NONNULL = YES;
				CLANG_ANALYZER_NUMBER_OBJECT_CONVERSION = YES_AGGRESSIVE;
				CLANG_CXX_LANGUAGE_STANDARD = "gnu++14";
				CLANG_CXX_LIBRARY = "libc++";
				CLANG_ENABLE_MODULES = YES;
				CLANG_ENABLE_OBJC_ARC = YES;
				CLANG_WARN_BLOCK_CAPTURE_AUTORELEASING = YES;
				CLANG_WARN_BOOL_CONVERSION = YES;
				CLANG_WARN_COMMA = YES;
				CLANG_WARN_CONSTANT_CONVERSION = YES;
				CLANG_WARN_DEPRECATED_OBJC_IMPLEMENTATIONS = YES;
				CLANG_WARN_DIRECT_OBJC_ISA_USAGE = YES_ERROR;
				CLANG_WARN_DOCUMENTATION_COMMENTS = YES;
				CLANG_WARN_EMPTY_BODY = YES;
				CLANG_WARN_ENUM_CONVERSION = YES;
				CLANG_WARN_INFINITE_RECURSION = YES;
				CLANG_WARN_INT_CONVERSION = YES;
				CLANG_WARN_NON_LITERAL_NULL_CONVERSION = YES;
				CLANG_WARN_OBJC_IMPLICIT_RETAIN_SELF = YES;
				CLANG_WARN_OBJC_LITERAL_CONVERSION = YES;
				CLANG_WARN_OBJC_ROOT_CLASS = YES_ERROR;
				CLANG_WARN_RANGE_LOOP_ANALYSIS = YES;
				CLANG_WARN_STRICT_PROTOTYPES = YES;
				CLANG_WARN_SUSPICIOUS_MOVE = YES;
				CLANG_WARN_UNGUARDED_AVAILABILITY = YES_AGGRESSIVE;
				CLANG_WARN_UNREACHABLE_CODE = YES;
				CLANG_WARN__DUPLICATE_METHOD_MATCH = YES;
				CODE_SIGN_IDENTITY = "iPhone Developer";
				COPY_PHASE_STRIP = NO;
				DEBUG_INFORMATION_FORMAT = dwarf;
				ENABLE_STRICT_OBJC_MSGSEND = YES;
				ENABLE_TESTABILITY = YES;
				GCC_C_LANGUAGE_STANDARD = gnu11;
				GCC_DYNAMIC_NO_PIC = NO;
				GCC_NO_COMMON_BLOCKS = YES;
				GCC_OPTIMIZATION_LEVEL = 0;
				GCC_PREPROCESSOR_DEFINITIONS = (
					"DEBUG=1",
					"$(inherited)",
				);
				GCC_WARN_64_TO_32_BIT_CONVERSION = YES;
				GCC_WARN_ABOUT_RETURN_TYPE = YES_ERROR;
				GCC_WARN_UNDECLARED_SELECTOR = YES;
				GCC_WARN_UNINITIALIZED_AUTOS = YES_AGGRESSIVE;
				GCC_WARN_UNUSED_FUNCTION = YES;
				GCC_WARN_UNUSED_VARIABLE = YES;
				IPHONEOS_DEPLOYMENT_TARGET = 11.1;
				MTL_ENABLE_DEBUG_INFO = YES;
				ONLY_ACTIVE_ARCH = YES;
				SDKROOT = iphoneos;
				SWIFT_ACTIVE_COMPILATION_CONDITIONS = DEBUG;
				SWIFT_OPTIMIZATION_LEVEL = "-Onone";
			};
			name = Debug;
		};
		C1B6CAC220529CF800E25547 /* Release */ = {
			isa = XCBuildConfiguration;
			buildSettings = {
				ALWAYS_SEARCH_USER_PATHS = NO;
				CLANG_ANALYZER_NONNULL = YES;
				CLANG_ANALYZER_NUMBER_OBJECT_CONVERSION = YES_AGGRESSIVE;
				CLANG_CXX_LANGUAGE_STANDARD = "gnu++14";
				CLANG_CXX_LIBRARY = "libc++";
				CLANG_ENABLE_MODULES = YES;
				CLANG_ENABLE_OBJC_ARC = YES;
				CLANG_WARN_BLOCK_CAPTURE_AUTORELEASING = YES;
				CLANG_WARN_BOOL_CONVERSION = YES;
				CLANG_WARN_COMMA = YES;
				CLANG_WARN_CONSTANT_CONVERSION = YES;
				CLANG_WARN_DEPRECATED_OBJC_IMPLEMENTATIONS = YES;
				CLANG_WARN_DIRECT_OBJC_ISA_USAGE = YES_ERROR;
				CLANG_WARN_DOCUMENTATION_COMMENTS = YES;
				CLANG_WARN_EMPTY_BODY = YES;
				CLANG_WARN_ENUM_CONVERSION = YES;
				CLANG_WARN_INFINITE_RECURSION = YES;
				CLANG_WARN_INT_CONVERSION = YES;
				CLANG_WARN_NON_LITERAL_NULL_CONVERSION = YES;
				CLANG_WARN_OBJC_IMPLICIT_RETAIN_SELF = YES;
				CLANG_WARN_OBJC_LITERAL_CONVERSION = YES;
				CLANG_WARN_OBJC_ROOT_CLASS = YES_ERROR;
				CLANG_WARN_RANGE_LOOP_ANALYSIS = YES;
				CLANG_WARN_STRICT_PROTOTYPES = YES;
				CLANG_WARN_SUSPICIOUS_MOVE = YES;
				CLANG_WARN_UNGUARDED_AVAILABILITY = YES_AGGRESSIVE;
				CLANG_WARN_UNREACHABLE_CODE = YES;
				CLANG_WARN__DUPLICATE_METHOD_MATCH = YES;
				CODE_SIGN_IDENTITY = "iPhone Developer";
				COPY_PHASE_STRIP = NO;
				DEBUG_INFORMATION_FORMAT = "dwarf-with-dsym";
				ENABLE_NS_ASSERTIONS = NO;
				ENABLE_STRICT_OBJC_MSGSEND = YES;
				GCC_C_LANGUAGE_STANDARD = gnu11;
				GCC_NO_COMMON_BLOCKS = YES;
				GCC_WARN_64_TO_32_BIT_CONVERSION = YES;
				GCC_WARN_ABOUT_RETURN_TYPE = YES_ERROR;
				GCC_WARN_UNDECLARED_SELECTOR = YES;
				GCC_WARN_UNINITIALIZED_AUTOS = YES_AGGRESSIVE;
				GCC_WARN_UNUSED_FUNCTION = YES;
				GCC_WARN_UNUSED_VARIABLE = YES;
				IPHONEOS_DEPLOYMENT_TARGET = 11.1;
				MTL_ENABLE_DEBUG_INFO = NO;
				SDKROOT = iphoneos;
				SWIFT_OPTIMIZATION_LEVEL = "-Owholemodule";
				VALIDATE_PRODUCT = YES;
			};
			name = Release;
		};
		C1B6CAC420529CF800E25547 /* Debug */ = {
			isa = XCBuildConfiguration;
			buildSettings = {
				ASSETCATALOG_COMPILER_APPICON_NAME = AppIcon;
				CODE_SIGN_STYLE = Automatic;
				CURRENT_PROJECT_VERSION = 4;
				DEVELOPMENT_TEAM = 94ST773MP3;
				INFOPLIST_FILE = ExpandedTabBar/Info.plist;
				IPHONEOS_DEPLOYMENT_TARGET = 11.0;
				LD_RUNPATH_SEARCH_PATHS = "$(inherited) @executable_path/Frameworks";
				MARKETING_VERSION = 3.0.1;
				PRODUCT_BUNDLE_IDENTIFIER = com.yervandsar.ExpandedTabBar;
				PRODUCT_NAME = "$(TARGET_NAME)";
				SWIFT_VERSION = 5.0;
				TARGETED_DEVICE_FAMILY = "1,2";
			};
			name = Debug;
		};
		C1B6CAC520529CF800E25547 /* Release */ = {
			isa = XCBuildConfiguration;
			buildSettings = {
				ASSETCATALOG_COMPILER_APPICON_NAME = AppIcon;
				CODE_SIGN_STYLE = Automatic;
				CURRENT_PROJECT_VERSION = 4;
				DEVELOPMENT_TEAM = 94ST773MP3;
				INFOPLIST_FILE = ExpandedTabBar/Info.plist;
				IPHONEOS_DEPLOYMENT_TARGET = 11.0;
				LD_RUNPATH_SEARCH_PATHS = "$(inherited) @executable_path/Frameworks";
				MARKETING_VERSION = 3.0.1;
				PRODUCT_BUNDLE_IDENTIFIER = com.yervandsar.ExpandedTabBar;
				PRODUCT_NAME = "$(TARGET_NAME)";
				SWIFT_VERSION = 5.0;
				TARGETED_DEVICE_FAMILY = "1,2";
			};
			name = Release;
		};
/* End XCBuildConfiguration section */

/* Begin XCConfigurationList section */
		C1B6CAAC20529CF800E25547 /* Build configuration list for PBXProject "ExpandedTabBar" */ = {
			isa = XCConfigurationList;
			buildConfigurations = (
				C1B6CAC120529CF800E25547 /* Debug */,
				C1B6CAC220529CF800E25547 /* Release */,
			);
			defaultConfigurationIsVisible = 0;
			defaultConfigurationName = Release;
		};
		C1B6CAC320529CF800E25547 /* Build configuration list for PBXNativeTarget "ExpandedTabBar" */ = {
			isa = XCConfigurationList;
			buildConfigurations = (
				C1B6CAC420529CF800E25547 /* Debug */,
				C1B6CAC520529CF800E25547 /* Release */,
			);
			defaultConfigurationIsVisible = 0;
			defaultConfigurationName = Release;
		};
/* End XCConfigurationList section */
	};
	rootObject = C1B6CAA920529CF800E25547 /* Project object */;
}
